
Microsoft Visual Studio Solution File, Format Version 12.00
# Visual Studio 15
VisualStudioVersion = 15.0.27130.2020
MinimumVisualStudioVersion = 10.0.40219.1
Project("{FAE04EC0-301F-11D3-BF4B-00C04F79EFBC}") = "ConsoleOptionsMapper", "ConsoleOptionsMapper\ConsoleOptionsMapper.csproj", "{4213EAC2-6CF7-4058-871A-773B0C4FB635}"
EndProject
Project("{FAE04EC0-301F-11D3-BF4B-00C04F79EFBC}") = "ConsoleOptionsMapperTests", "ConsoleOptionsMapperTests\ConsoleOptionsMapperTests.csproj", "{582BC3D2-7479-4753-B674-A6DBB8EF6635}"
EndProject
Global
	GlobalSection(SolutionConfigurationPlatforms) = preSolution
		Debug|Any CPU = Debug|Any CPU
		Release|Any CPU = Release|Any CPU
	EndGlobalSection
	GlobalSection(ProjectConfigurationPlatforms) = postSolution
		{4213EAC2-6CF7-4058-871A-773B0C4FB635}.Debug|Any CPU.ActiveCfg = Debug|Any CPU
		{4213EAC2-6CF7-4058-871A-773B0C4FB635}.Debug|Any CPU.Build.0 = Debug|Any CPU
		{4213EAC2-6CF7-4058-871A-773B0C4FB635}.Release|Any CPU.ActiveCfg = Release|Any CPU
		{4213EAC2-6CF7-4058-871A-773B0C4FB635}.Release|Any CPU.Build.0 = Release|Any CPU
		{582BC3D2-7479-4753-B674-A6DBB8EF6635}.Debug|Any CPU.ActiveCfg = Debug|Any CPU
		{582BC3D2-7479-4753-B674-A6DBB8EF6635}.Debug|Any CPU.Build.0 = Debug|Any CPU
		{582BC3D2-7479-4753-B674-A6DBB8EF6635}.Release|Any CPU.ActiveCfg = Release|Any CPU
		{582BC3D2-7479-4753-B674-A6DBB8EF6635}.Release|Any CPU.Build.0 = Release|Any CPU
	EndGlobalSection
	GlobalSection(SolutionProperties) = preSolution
		HideSolutionNode = FALSE
	EndGlobalSection
	GlobalSection(ExtensibilityGlobals) = postSolution
		SolutionGuid = {6B99403D-A042-4821-A027-5835172273F9}
	EndGlobalSection
EndGlobal
